
Microsoft Visual Studio Solution File, Format Version 12.00
# Visual Studio 15
VisualStudioVersion = 15.0.26430.16
MinimumVisualStudioVersion = 10.0.40219.1
Project("{FAE04EC0-301F-11D3-BF4B-00C04F79EFBC}") = "HangoutsNetwork", "HangoutsNetwork\HangoutsNetwork.csproj", "{C5488902-AE8A-4CA3-9DA3-33A8EAAE6770}"
EndProject
Project("{FAE04EC0-301F-11D3-BF4B-00C04F79EFBC}") = "WebPage", "WebPage\WebPage.csproj", "{8A4F0586-6679-47FA-A208-6EDFA1456A77}"
EndProject
Project("{FAE04EC0-301F-11D3-BF4B-00C04F79EFBC}") = "DataTools", "DataTools\DataTools.csproj", "{5459B37A-4701-40BE-B81F-4C47A16C9174}"
EndProject
Global
	GlobalSection(SolutionConfigurationPlatforms) = preSolution
		Debug|Any CPU = Debug|Any CPU
		Release|Any CPU = Release|Any CPU
	EndGlobalSection
	GlobalSection(ProjectConfigurationPlatforms) = postSolution
		{C5488902-AE8A-4CA3-9DA3-33A8EAAE6770}.Debug|Any CPU.ActiveCfg = Debug|Any CPU
		{C5488902-AE8A-4CA3-9DA3-33A8EAAE6770}.Debug|Any CPU.Build.0 = Debug|Any CPU
		{C5488902-AE8A-4CA3-9DA3-33A8EAAE6770}.Release|Any CPU.ActiveCfg = Release|Any CPU
		{C5488902-AE8A-4CA3-9DA3-33A8EAAE6770}.Release|Any CPU.Build.0 = Release|Any CPU
		{8A4F0586-6679-47FA-A208-6EDFA1456A77}.Debug|Any CPU.ActiveCfg = Debug|Any CPU
		{8A4F0586-6679-47FA-A208-6EDFA1456A77}.Debug|Any CPU.Build.0 = Debug|Any CPU
		{8A4F0586-6679-47FA-A208-6EDFA1456A77}.Release|Any CPU.ActiveCfg = Release|Any CPU
		{8A4F0586-6679-47FA-A208-6EDFA1456A77}.Release|Any CPU.Build.0 = Release|Any CPU
		{5459B37A-4701-40BE-B81F-4C47A16C9174}.Debug|Any CPU.ActiveCfg = Debug|Any CPU
		{5459B37A-4701-40BE-B81F-4C47A16C9174}.Debug|Any CPU.Build.0 = Debug|Any CPU
		{5459B37A-4701-40BE-B81F-4C47A16C9174}.Release|Any CPU.ActiveCfg = Release|Any CPU
		{5459B37A-4701-40BE-B81F-4C47A16C9174}.Release|Any CPU.Build.0 = Release|Any CPU
	EndGlobalSection
	GlobalSection(SolutionProperties) = preSolution
		HideSolutionNode = FALSE
	EndGlobalSection
EndGlobal
